
Microsoft Visual Studio Solution File, Format Version 12.00
# Visual Studio Version 17
VisualStudioVersion = 17.2.32519.379
MinimumVisualStudioVersion = 10.0.40219.1
Project("{9A19103F-16F7-4668-BE54-9A1E7A4F7556}") = "FDR.Tools.Library", "FDR.Tools.Library\FDR.Tools.Library.csproj", "{970B943D-AFC5-4171-A667-B1A910F32FC7}"
EndProject
Project("{9A19103F-16F7-4668-BE54-9A1E7A4F7556}") = "FDR", "FDR\FDR.csproj", "{39EA2D6C-DE18-442B-BCE0-92D7BD63A148}"
EndProject
Project("{9A19103F-16F7-4668-BE54-9A1E7A4F7556}") = "FDR.Tools.Library.Test", "FDR.Tools.Library.Test\FDR.Tools.Library.Test.csproj", "{BE1D780E-CD31-43E6-9833-3DE89E22EB28}"
EndProject
Project("{F184B08F-C81C-45F6-A57F-5ABD9991F28F}") = "FDRTools", "FDRTools\FDRTools.vbproj", "{30CF0B8D-3826-45BA-BC62-C6835A0F9EE5}"
EndProject
Project("{FAE04EC0-301F-11D3-BF4B-00C04F79EFBC}") = "FDR.UI", "FDR.UI\FDR.UI.csproj", "{CF241FB6-2272-4379-84B2-36598C6F0996}"
EndProject
Global
	GlobalSection(SolutionConfigurationPlatforms) = preSolution
		Debug|Any CPU = Debug|Any CPU
		Release|Any CPU = Release|Any CPU
	EndGlobalSection
	GlobalSection(ProjectConfigurationPlatforms) = postSolution
		{970B943D-AFC5-4171-A667-B1A910F32FC7}.Debug|Any CPU.ActiveCfg = Debug|Any CPU
		{970B943D-AFC5-4171-A667-B1A910F32FC7}.Debug|Any CPU.Build.0 = Debug|Any CPU
		{970B943D-AFC5-4171-A667-B1A910F32FC7}.Release|Any CPU.ActiveCfg = Release|Any CPU
		{970B943D-AFC5-4171-A667-B1A910F32FC7}.Release|Any CPU.Build.0 = Release|Any CPU
		{39EA2D6C-DE18-442B-BCE0-92D7BD63A148}.Debug|Any CPU.ActiveCfg = Debug|Any CPU
		{39EA2D6C-DE18-442B-BCE0-92D7BD63A148}.Debug|Any CPU.Build.0 = Debug|Any CPU
		{39EA2D6C-DE18-442B-BCE0-92D7BD63A148}.Release|Any CPU.ActiveCfg = Release|Any CPU
		{39EA2D6C-DE18-442B-BCE0-92D7BD63A148}.Release|Any CPU.Build.0 = Release|Any CPU
		{BE1D780E-CD31-43E6-9833-3DE89E22EB28}.Debug|Any CPU.ActiveCfg = Debug|Any CPU
		{BE1D780E-CD31-43E6-9833-3DE89E22EB28}.Debug|Any CPU.Build.0 = Debug|Any CPU
		{BE1D780E-CD31-43E6-9833-3DE89E22EB28}.Release|Any CPU.ActiveCfg = Release|Any CPU
		{BE1D780E-CD31-43E6-9833-3DE89E22EB28}.Release|Any CPU.Build.0 = Release|Any CPU
		{30CF0B8D-3826-45BA-BC62-C6835A0F9EE5}.Debug|Any CPU.ActiveCfg = Debug|Any CPU
		{30CF0B8D-3826-45BA-BC62-C6835A0F9EE5}.Debug|Any CPU.Build.0 = Debug|Any CPU
		{30CF0B8D-3826-45BA-BC62-C6835A0F9EE5}.Release|Any CPU.ActiveCfg = Release|Any CPU
		{30CF0B8D-3826-45BA-BC62-C6835A0F9EE5}.Release|Any CPU.Build.0 = Release|Any CPU
		{CF241FB6-2272-4379-84B2-36598C6F0996}.Debug|Any CPU.ActiveCfg = Debug|Any CPU
		{CF241FB6-2272-4379-84B2-36598C6F0996}.Debug|Any CPU.Build.0 = Debug|Any CPU
		{CF241FB6-2272-4379-84B2-36598C6F0996}.Release|Any CPU.ActiveCfg = Release|Any CPU
		{CF241FB6-2272-4379-84B2-36598C6F0996}.Release|Any CPU.Build.0 = Release|Any CPU
	EndGlobalSection
	GlobalSection(SolutionProperties) = preSolution
		HideSolutionNode = FALSE
	EndGlobalSection
	GlobalSection(ExtensibilityGlobals) = postSolution
		SolutionGuid = {4A6719D3-9D3A-4BE8-97B8-164D46909C15}
	EndGlobalSection
EndGlobal
